// !$*UTF8*$!
{
	archiveVersion = 1;
	classes = {
	};
	objectVersion = 56;
	objects = {

/* Begin PBXBuildFile section */
		AB0ABC7C2BB19B1300737A2F /* LocationsWrapperView.swift in Sources */ = {isa = PBXBuildFile; fileRef = AB0ABC7B2BB19B1300737A2F /* LocationsWrapperView.swift */; };
		AB0ABC832BB2C82C00737A2F /* NetworkManager.swift in Sources */ = {isa = PBXBuildFile; fileRef = AB0ABC822BB2C82C00737A2F /* NetworkManager.swift */; };
		AB0ABC882BB2CB9000737A2F /* NetworkManager+Stubs.swift in Sources */ = {isa = PBXBuildFile; fileRef = AB0ABC872BB2CB9000737A2F /* NetworkManager+Stubs.swift */; };
		AB1863F72BD941140003048C /* UIFont+Ext.swift in Sources */ = {isa = PBXBuildFile; fileRef = AB1863F62BD941140003048C /* UIFont+Ext.swift */; };
		AB1B51382AB8893F00F8D69D /* LocationCollectionViewCell.swift in Sources */ = {isa = PBXBuildFile; fileRef = AB1B51352AB8893F00F8D69D /* LocationCollectionViewCell.swift */; };
		AB1B51392AB8893F00F8D69D /* LocationsCollectionController.swift in Sources */ = {isa = PBXBuildFile; fileRef = AB1B51362AB8893F00F8D69D /* LocationsCollectionController.swift */; };
		AB1B513A2AB8893F00F8D69D /* LocationCollectionViewCell.xib in Resources */ = {isa = PBXBuildFile; fileRef = AB1B51372AB8893F00F8D69D /* LocationCollectionViewCell.xib */; };
		AB1B51462AB9BC9A00F8D69D /* CDLocation+Ext.swift in Sources */ = {isa = PBXBuildFile; fileRef = AB1B51452AB9BC9A00F8D69D /* CDLocation+Ext.swift */; };
		AB1B514D2AB9F3E900F8D69D /* SelectableCollectionViewCell.xib in Resources */ = {isa = PBXBuildFile; fileRef = AB1B514B2AB9F3E900F8D69D /* SelectableCollectionViewCell.xib */; };
		AB1B514E2AB9F3E900F8D69D /* SelectableCollectionViewCell.swift in Sources */ = {isa = PBXBuildFile; fileRef = AB1B514C2AB9F3E900F8D69D /* SelectableCollectionViewCell.swift */; };
		AB2006782BACBE8600A0971F /* WeatherInteractor.swift in Sources */ = {isa = PBXBuildFile; fileRef = AB2006772BACBE8600A0971F /* WeatherInteractor.swift */; };
		AB20067A2BACC82200A0971F /* AppEnvironment.swift in Sources */ = {isa = PBXBuildFile; fileRef = AB2006792BACC82200A0971F /* AppEnvironment.swift */; };
		AB20067C2BADB71200A0971F /* SummaryForecastView.swift in Sources */ = {isa = PBXBuildFile; fileRef = AB20067B2BADB71200A0971F /* SummaryForecastView.swift */; };
		AB20067E2BADC75300A0971F /* VideoForecastView.swift in Sources */ = {isa = PBXBuildFile; fileRef = AB20067D2BADC75300A0971F /* VideoForecastView.swift */; };
		AB2006802BADCB0900A0971F /* WebView.swift in Sources */ = {isa = PBXBuildFile; fileRef = AB20067F2BADCB0900A0971F /* WebView.swift */; };
		AB2787F72AFD28A700F6B2B3 /* WeatherNetworkingKit in Frameworks */ = {isa = PBXBuildFile; productRef = AB2787F62AFD28A700F6B2B3 /* WeatherNetworkingKit */; };
		AB2787FA2AFD5F7F00F6B2B3 /* HourlyForecastsView.swift in Sources */ = {isa = PBXBuildFile; fileRef = AB2787F92AFD5F7F00F6B2B3 /* HourlyForecastsView.swift */; };
		AB2C35812BA8F373000334A6 /* AppState.swift in Sources */ = {isa = PBXBuildFile; fileRef = AB2C35802BA8F373000334A6 /* AppState.swift */; };
		AB2C35832BA99386000334A6 /* ContentView.swift in Sources */ = {isa = PBXBuildFile; fileRef = AB2C35822BA99386000334A6 /* ContentView.swift */; };
		AB2C35852BA995C4000334A6 /* WeatherApp.swift in Sources */ = {isa = PBXBuildFile; fileRef = AB2C35842BA995C4000334A6 /* WeatherApp.swift */; };
		AB391A942AB1A6B900199EFD /* IndexPath+Ext.swift in Sources */ = {isa = PBXBuildFile; fileRef = AB391A932AB1A6B900199EFD /* IndexPath+Ext.swift */; };
		AB3F3CE72BA34250000A2573 /* WeatherView.swift in Sources */ = {isa = PBXBuildFile; fileRef = AB3F3CE62BA34250000A2573 /* WeatherView.swift */; };
		AB3F3CEB2BA34F7F000A2573 /* ActivityIndicator.swift in Sources */ = {isa = PBXBuildFile; fileRef = AB3F3CEA2BA34F7F000A2573 /* ActivityIndicator.swift */; };
		AB3F3CED2BA47323000A2573 /* LocationsView.swift in Sources */ = {isa = PBXBuildFile; fileRef = AB3F3CEC2BA47323000A2573 /* LocationsView.swift */; };
		AB40B9FC2AB1C0FC00A00DCB /* SettingsView.swift in Sources */ = {isa = PBXBuildFile; fileRef = AB40B9FB2AB1C0FC00A00DCB /* SettingsView.swift */; };
		AB40BA052AB20E5900A00DCB /* LocationsViewController.swift in Sources */ = {isa = PBXBuildFile; fileRef = AB40BA032AB20E5800A00DCB /* LocationsViewController.swift */; };
		AB40BA062AB20E5900A00DCB /* LocationsViewController.xib in Resources */ = {isa = PBXBuildFile; fileRef = AB40BA042AB20E5800A00DCB /* LocationsViewController.xib */; };
		AB40BA0C2AB20F0C00A00DCB /* LocationsViewModel.swift in Sources */ = {isa = PBXBuildFile; fileRef = AB40BA0B2AB20F0C00A00DCB /* LocationsViewModel.swift */; };
		AB5014062AE92EAB005026E6 /* DateTests.swift in Sources */ = {isa = PBXBuildFile; fileRef = AB5014052AE92EAB005026E6 /* DateTests.swift */; };
		AB65E9A92AFBDA6500A5459C /* SearchCollectionViewCell.xib in Resources */ = {isa = PBXBuildFile; fileRef = AB65E9A72AFBDA6500A5459C /* SearchCollectionViewCell.xib */; };
		AB65E9AA2AFBDA6500A5459C /* SearchCollectionViewCell.swift in Sources */ = {isa = PBXBuildFile; fileRef = AB65E9A82AFBDA6500A5459C /* SearchCollectionViewCell.swift */; };
		AB6F50AF2AA23B0400B86F22 /* Color+Ext.swift in Sources */ = {isa = PBXBuildFile; fileRef = AB6F50AE2AA23B0400B86F22 /* Color+Ext.swift */; };
		AB7194D32AD014EC00FE7DA6 /* MapsView.swift in Sources */ = {isa = PBXBuildFile; fileRef = AB7194D22AD014EC00FE7DA6 /* MapsView.swift */; };
		AB7194D52AD01B6600FE7DA6 /* WarningsView.swift in Sources */ = {isa = PBXBuildFile; fileRef = AB7194D42AD01B6600FE7DA6 /* WarningsView.swift */; };
		AB74B67F2AB5F16300F2F492 /* Decimal+Ext.swift in Sources */ = {isa = PBXBuildFile; fileRef = AB74B67E2AB5F16300F2F492 /* Decimal+Ext.swift */; };
		AB8136C72AA0EACF005B26B0 /* AppDelegate.swift in Sources */ = {isa = PBXBuildFile; fileRef = AB8136C62AA0EACF005B26B0 /* AppDelegate.swift */; };
		AB8136D12AA0EACF005B26B0 /* Weather.xcdatamodeld in Sources */ = {isa = PBXBuildFile; fileRef = AB8136CF2AA0EACF005B26B0 /* Weather.xcdatamodeld */; };
		AB8136D32AA0EAD1005B26B0 /* Assets.xcassets in Resources */ = {isa = PBXBuildFile; fileRef = AB8136D22AA0EAD1005B26B0 /* Assets.xcassets */; };
		AB8136D62AA0EAD1005B26B0 /* LaunchScreen.storyboard in Resources */ = {isa = PBXBuildFile; fileRef = AB8136D42AA0EAD1005B26B0 /* LaunchScreen.storyboard */; };
		AB8136E12AA0EAD1005B26B0 /* WeatherTests.swift in Sources */ = {isa = PBXBuildFile; fileRef = AB8136E02AA0EAD1005B26B0 /* WeatherTests.swift */; };
		AB8136EB2AA0EAD1005B26B0 /* WeatherUITests.swift in Sources */ = {isa = PBXBuildFile; fileRef = AB8136EA2AA0EAD1005B26B0 /* WeatherUITests.swift */; };
		AB8136ED2AA0EAD1005B26B0 /* WeatherUITestsLaunchTests.swift in Sources */ = {isa = PBXBuildFile; fileRef = AB8136EC2AA0EAD1005B26B0 /* WeatherUITestsLaunchTests.swift */; };
		AB8137092AA12B06005B26B0 /* UIViewController+Ext.swift in Sources */ = {isa = PBXBuildFile; fileRef = AB8137082AA12B06005B26B0 /* UIViewController+Ext.swift */; };
		AB819B942ACEA65E00DF11A4 /* OneCall(37.332,-122.031).json in Resources */ = {isa = PBXBuildFile; fileRef = AB819B932ACEA65E00DF11A4 /* OneCall(37.332,-122.031).json */; };
		AB819B992ACEDE0400DF11A4 /* OneCall(51.488,-0.169).json in Resources */ = {isa = PBXBuildFile; fileRef = AB819B982ACEDE0400DF11A4 /* OneCall(51.488,-0.169).json */; };
		AB819B9B2ACEE79900DF11A4 /* OneCall(41.876,-87.624).json in Resources */ = {isa = PBXBuildFile; fileRef = AB819B9A2ACEE79900DF11A4 /* OneCall(41.876,-87.624).json */; };
		AB819B9D2ACEE80700DF11A4 /* OneCall(41.893,12.483).json in Resources */ = {isa = PBXBuildFile; fileRef = AB819B9C2ACEE80700DF11A4 /* OneCall(41.893,12.483).json */; };
		AB819B9F2ACEE86500DF11A4 /* OneCall(35.71,139.454).json in Resources */ = {isa = PBXBuildFile; fileRef = AB819B9E2ACEE86500DF11A4 /* OneCall(35.71,139.454).json */; };
		AB819BA22ACEEFBD00DF11A4 /* Settings.bundle in Resources */ = {isa = PBXBuildFile; fileRef = AB819BA12ACEEFBD00DF11A4 /* Settings.bundle */; };
		AB819BA42ACEF1EB00DF11A4 /* SettingsBundleHelper.swift in Sources */ = {isa = PBXBuildFile; fileRef = AB819BA32ACEF1EB00DF11A4 /* SettingsBundleHelper.swift */; };
		AB81C0D42AE66254008F6AC5 /* DottedLine.swift in Sources */ = {isa = PBXBuildFile; fileRef = AB81C0D32AE66254008F6AC5 /* DottedLine.swift */; };
		AB869A092AFE8EBF00871299 /* HourForecastWindView.swift in Sources */ = {isa = PBXBuildFile; fileRef = AB869A082AFE8EBF00871299 /* HourForecastWindView.swift */; };
		AB8739842AEBC01B005AF5D8 /* OneCall(21.316,-157.801).json in Resources */ = {isa = PBXBuildFile; fileRef = AB8739832AEBC01B005AF5D8 /* OneCall(21.316,-157.801).json */; };
		AB87CAA12AC5AC9900428046 /* SettingsRowModifier.swift in Sources */ = {isa = PBXBuildFile; fileRef = AB87CAA02AC5AC9900428046 /* SettingsRowModifier.swift */; };
		AB87CAA32AC5AD3E00428046 /* PrimaryButtonStyle.swift in Sources */ = {isa = PBXBuildFile; fileRef = AB87CAA22AC5AD3E00428046 /* PrimaryButtonStyle.swift */; };
		AB87D1F62ACC61F800D1067A /* CDLocation+CoreDataClass.swift in Sources */ = {isa = PBXBuildFile; fileRef = AB87D1F42ACC61F800D1067A /* CDLocation+CoreDataClass.swift */; };
		AB87D1F72ACC61F800D1067A /* CDLocation+CoreDataProperties.swift in Sources */ = {isa = PBXBuildFile; fileRef = AB87D1F52ACC61F800D1067A /* CDLocation+CoreDataProperties.swift */; };
		AB89D48E2AA5CD6A0042B292 /* Beaufort.swift in Sources */ = {isa = PBXBuildFile; fileRef = AB89D48D2AA5CD6A0042B292 /* Beaufort.swift */; };
		AB89D4902AA5CDA70042B292 /* WindDirection.swift in Sources */ = {isa = PBXBuildFile; fileRef = AB89D48F2AA5CDA70042B292 /* WindDirection.swift */; };
		AB8A7F982BDD1FB800B3A3D1 /* NavBarTitleView.swift in Sources */ = {isa = PBXBuildFile; fileRef = AB8A7F912BDD1FB800B3A3D1 /* NavBarTitleView.swift */; };
		AB8BA04C2AB51010004212D3 /* CoreDataManager.swift in Sources */ = {isa = PBXBuildFile; fileRef = AB8BA04B2AB51010004212D3 /* CoreDataManager.swift */; };
		AB8EAFF72AEA9F08003A1743 /* StatefulPreviewWrapper.swift in Sources */ = {isa = PBXBuildFile; fileRef = AB8EAFF62AEA9F08003A1743 /* StatefulPreviewWrapper.swift */; };
		AB8EAFF92AEAEB03003A1743 /* DecimalTests.swift in Sources */ = {isa = PBXBuildFile; fileRef = AB8EAFF82AEAEB03003A1743 /* DecimalTests.swift */; };
		AB8EC7892AE9C51500808A6A /* SlidingSelectorView.swift in Sources */ = {isa = PBXBuildFile; fileRef = AB8EC7882AE9C51500808A6A /* SlidingSelectorView.swift */; };
		AB8FBE812AAA09B800AA51CC /* Int+Ext.swift in Sources */ = {isa = PBXBuildFile; fileRef = AB8FBE802AAA09B800AA51CC /* Int+Ext.swift */; };
		AB8FBE872AAA709000AA51CC /* UICollectionView+Ext.swift in Sources */ = {isa = PBXBuildFile; fileRef = AB8FBE862AAA709000AA51CC /* UICollectionView+Ext.swift */; };
		AB8FBE8B2AAA71CF00AA51CC /* UICollectionViewCell+Ext.swift in Sources */ = {isa = PBXBuildFile; fileRef = AB8FBE8A2AAA71CF00AA51CC /* UICollectionViewCell+Ext.swift */; };
		AB8FBE8D2AAA7D3F00AA51CC /* Date+Ext.swift in Sources */ = {isa = PBXBuildFile; fileRef = AB8FBE8C2AAA7D3F00AA51CC /* Date+Ext.swift */; };
		AB91EC712B076C5500673919 /* ScrollButtonsView.swift in Sources */ = {isa = PBXBuildFile; fileRef = AB91EC702B076C5500673919 /* ScrollButtonsView.swift */; };
		AB91F32A2B0CCF4C00B08754 /* String+Ext.swift in Sources */ = {isa = PBXBuildFile; fileRef = AB91F3292B0CCF4C00B08754 /* String+Ext.swift */; };
		AB9266222AE516F500F83710 /* HourForecastSeparatorView.swift in Sources */ = {isa = PBXBuildFile; fileRef = AB9266212AE516F500F83710 /* HourForecastSeparatorView.swift */; };
		AB934C0A2AE4748B00766CE6 /* HourForecastMultipleView.swift in Sources */ = {isa = PBXBuildFile; fileRef = AB934C092AE4748B00766CE6 /* HourForecastMultipleView.swift */; };
		AB934C0E2AE4922300766CE6 /* UIImage+Ext.swift in Sources */ = {isa = PBXBuildFile; fileRef = AB934C0D2AE4922300766CE6 /* UIImage+Ext.swift */; };
		AB94AE7E2B02622000CD38F0 /* FullForecastOverlayView.swift in Sources */ = {isa = PBXBuildFile; fileRef = AB94AE7D2B02622000CD38F0 /* FullForecastOverlayView.swift */; };
		AB94AE822B0266F200CD38F0 /* WindDirectionTests.swift in Sources */ = {isa = PBXBuildFile; fileRef = AB94AE812B0266F200CD38F0 /* WindDirectionTests.swift */; };
		AB9744B82AC30D7C00D9EEA4 /* CustomizeView.swift in Sources */ = {isa = PBXBuildFile; fileRef = AB9744B72AC30D7C00D9EEA4 /* CustomizeView.swift */; };
		AB9744BA2AC3294C00D9EEA4 /* SettingsRowView.swift in Sources */ = {isa = PBXBuildFile; fileRef = AB9744B92AC3294C00D9EEA4 /* SettingsRowView.swift */; };
		AB9744BC2AC32F0E00D9EEA4 /* PrivacyPolicyView.swift in Sources */ = {isa = PBXBuildFile; fileRef = AB9744BB2AC32F0E00D9EEA4 /* PrivacyPolicyView.swift */; };
		AB9744BF2AC339FF00D9EEA4 /* AcknowledgementsView.swift in Sources */ = {isa = PBXBuildFile; fileRef = AB9744BE2AC339FF00D9EEA4 /* AcknowledgementsView.swift */; };
		AB9744C12AC33A1B00D9EEA4 /* NotificationsView.swift in Sources */ = {isa = PBXBuildFile; fileRef = AB9744C02AC33A1B00D9EEA4 /* NotificationsView.swift */; };
		AB9744C32AC33A3600D9EEA4 /* RemoveAdsView.swift in Sources */ = {isa = PBXBuildFile; fileRef = AB9744C22AC33A3600D9EEA4 /* RemoveAdsView.swift */; };
		AB98FF042AD3EE4C00DF821F /* FullForecastView.swift in Sources */ = {isa = PBXBuildFile; fileRef = AB98FF032AD3EE4C00DF821F /* FullForecastView.swift */; };
		AB98FF062AD433DC00DF821F /* DayForecastView.swift in Sources */ = {isa = PBXBuildFile; fileRef = AB98FF052AD433DC00DF821F /* DayForecastView.swift */; };
		AB98FF082AD53C2200DF821F /* Font+Ext.swift in Sources */ = {isa = PBXBuildFile; fileRef = AB98FF072AD53C2200DF821F /* Font+Ext.swift */; };
		AB98FF0A2AD5495700DF821F /* DaySummaryView.swift in Sources */ = {isa = PBXBuildFile; fileRef = AB98FF092AD5495700DF821F /* DaySummaryView.swift */; };
		AB9A7CEB2B036BB600CF6765 /* RoundedCornersRectangle.swift in Sources */ = {isa = PBXBuildFile; fileRef = AB9A7CEA2B036BB600CF6765 /* RoundedCornersRectangle.swift */; };
		AB9A8FED2AE40AF3003FAA6D /* Array+Ext.swift in Sources */ = {isa = PBXBuildFile; fileRef = AB9A8FEC2AE40AF3003FAA6D /* Array+Ext.swift */; };
		AB9AB2842AFD128600532FE7 /* SunriseSunsetView.swift in Sources */ = {isa = PBXBuildFile; fileRef = AB9AB2832AFD128600532FE7 /* SunriseSunsetView.swift */; };
		ABB36DA42ABAF402007255A8 /* README.md in Resources */ = {isa = PBXBuildFile; fileRef = ABB36DA32ABAF402007255A8 /* README.md */; };
		ABD255282BDBE6600084E12B /* WeatherIcon.swift in Sources */ = {isa = PBXBuildFile; fileRef = ABD255272BDBE6600084E12B /* WeatherIcon.swift */; };
		ABEEC60A2BADEC5E007E661A /* CommonStrings.swift in Sources */ = {isa = PBXBuildFile; fileRef = ABEEC6092BADEC5E007E661A /* CommonStrings.swift */; };
		ABEEC60E2BADF1F7007E661A /* InteractorContainer.swift in Sources */ = {isa = PBXBuildFile; fileRef = ABEEC60D2BADF1F7007E661A /* InteractorContainer.swift */; };
/* End PBXBuildFile section */

/* Begin PBXContainerItemProxy section */
		AB8136DD2AA0EAD1005B26B0 /* PBXContainerItemProxy */ = {
			isa = PBXContainerItemProxy;
			containerPortal = AB8136BB2AA0EACF005B26B0 /* Project object */;
			proxyType = 1;
			remoteGlobalIDString = AB8136C22AA0EACF005B26B0;
			remoteInfo = Weather;
		};
		AB8136E72AA0EAD1005B26B0 /* PBXContainerItemProxy */ = {
			isa = PBXContainerItemProxy;
			containerPortal = AB8136BB2AA0EACF005B26B0 /* Project object */;
			proxyType = 1;
			remoteGlobalIDString = AB8136C22AA0EACF005B26B0;
			remoteInfo = Weather;
		};
/* End PBXContainerItemProxy section */

/* Begin PBXFileReference section */
		AB0ABC7B2BB19B1300737A2F /* LocationsWrapperView.swift */ = {isa = PBXFileReference; lastKnownFileType = sourcecode.swift; path = LocationsWrapperView.swift; sourceTree = "<group>"; };
		AB0ABC822BB2C82C00737A2F /* NetworkManager.swift */ = {isa = PBXFileReference; lastKnownFileType = sourcecode.swift; path = NetworkManager.swift; sourceTree = "<group>"; };
		AB0ABC872BB2CB9000737A2F /* NetworkManager+Stubs.swift */ = {isa = PBXFileReference; lastKnownFileType = sourcecode.swift; path = "NetworkManager+Stubs.swift"; sourceTree = "<group>"; };
		AB1863F62BD941140003048C /* UIFont+Ext.swift */ = {isa = PBXFileReference; lastKnownFileType = sourcecode.swift; path = "UIFont+Ext.swift"; sourceTree = "<group>"; };
		AB1B51352AB8893F00F8D69D /* LocationCollectionViewCell.swift */ = {isa = PBXFileReference; fileEncoding = 4; lastKnownFileType = sourcecode.swift; path = LocationCollectionViewCell.swift; sourceTree = "<group>"; };
		AB1B51362AB8893F00F8D69D /* LocationsCollectionController.swift */ = {isa = PBXFileReference; fileEncoding = 4; lastKnownFileType = sourcecode.swift; path = LocationsCollectionController.swift; sourceTree = "<group>"; };
		AB1B51372AB8893F00F8D69D /* LocationCollectionViewCell.xib */ = {isa = PBXFileReference; fileEncoding = 4; lastKnownFileType = file.xib; path = LocationCollectionViewCell.xib; sourceTree = "<group>"; };
		AB1B51452AB9BC9A00F8D69D /* CDLocation+Ext.swift */ = {isa = PBXFileReference; lastKnownFileType = sourcecode.swift; path = "CDLocation+Ext.swift"; sourceTree = "<group>"; };
		AB1B514B2AB9F3E900F8D69D /* SelectableCollectionViewCell.xib */ = {isa = PBXFileReference; fileEncoding = 4; lastKnownFileType = file.xib; path = SelectableCollectionViewCell.xib; sourceTree = "<group>"; };
		AB1B514C2AB9F3E900F8D69D /* SelectableCollectionViewCell.swift */ = {isa = PBXFileReference; fileEncoding = 4; lastKnownFileType = sourcecode.swift; path = SelectableCollectionViewCell.swift; sourceTree = "<group>"; };
		AB2006772BACBE8600A0971F /* WeatherInteractor.swift */ = {isa = PBXFileReference; lastKnownFileType = sourcecode.swift; path = WeatherInteractor.swift; sourceTree = "<group>"; };
		AB2006792BACC82200A0971F /* AppEnvironment.swift */ = {isa = PBXFileReference; lastKnownFileType = sourcecode.swift; path = AppEnvironment.swift; sourceTree = "<group>"; };
		AB20067B2BADB71200A0971F /* SummaryForecastView.swift */ = {isa = PBXFileReference; fileEncoding = 4; lastKnownFileType = sourcecode.swift; path = SummaryForecastView.swift; sourceTree = "<group>"; };
		AB20067D2BADC75300A0971F /* VideoForecastView.swift */ = {isa = PBXFileReference; fileEncoding = 4; lastKnownFileType = sourcecode.swift; path = VideoForecastView.swift; sourceTree = "<group>"; };
		AB20067F2BADCB0900A0971F /* WebView.swift */ = {isa = PBXFileReference; lastKnownFileType = sourcecode.swift; path = WebView.swift; sourceTree = "<group>"; };
		AB2787F92AFD5F7F00F6B2B3 /* HourlyForecastsView.swift */ = {isa = PBXFileReference; lastKnownFileType = sourcecode.swift; path = HourlyForecastsView.swift; sourceTree = "<group>"; };
		AB2C35802BA8F373000334A6 /* AppState.swift */ = {isa = PBXFileReference; lastKnownFileType = sourcecode.swift; path = AppState.swift; sourceTree = "<group>"; };
		AB2C35822BA99386000334A6 /* ContentView.swift */ = {isa = PBXFileReference; lastKnownFileType = sourcecode.swift; path = ContentView.swift; sourceTree = "<group>"; };
		AB2C35842BA995C4000334A6 /* WeatherApp.swift */ = {isa = PBXFileReference; lastKnownFileType = sourcecode.swift; path = WeatherApp.swift; sourceTree = "<group>"; };
		AB391A932AB1A6B900199EFD /* IndexPath+Ext.swift */ = {isa = PBXFileReference; fileEncoding = 4; lastKnownFileType = sourcecode.swift; path = "IndexPath+Ext.swift"; sourceTree = "<group>"; };
		AB3F3CE62BA34250000A2573 /* WeatherView.swift */ = {isa = PBXFileReference; lastKnownFileType = sourcecode.swift; path = WeatherView.swift; sourceTree = "<group>"; };
		AB3F3CEA2BA34F7F000A2573 /* ActivityIndicator.swift */ = {isa = PBXFileReference; lastKnownFileType = sourcecode.swift; path = ActivityIndicator.swift; sourceTree = "<group>"; };
		AB3F3CEC2BA47323000A2573 /* LocationsView.swift */ = {isa = PBXFileReference; lastKnownFileType = sourcecode.swift; path = LocationsView.swift; sourceTree = "<group>"; };
		AB40B9FB2AB1C0FC00A00DCB /* SettingsView.swift */ = {isa = PBXFileReference; lastKnownFileType = sourcecode.swift; path = SettingsView.swift; sourceTree = "<group>"; };
		AB40BA032AB20E5800A00DCB /* LocationsViewController.swift */ = {isa = PBXFileReference; lastKnownFileType = sourcecode.swift; path = LocationsViewController.swift; sourceTree = "<group>"; };
		AB40BA042AB20E5800A00DCB /* LocationsViewController.xib */ = {isa = PBXFileReference; lastKnownFileType = file.xib; path = LocationsViewController.xib; sourceTree = "<group>"; };
		AB40BA0B2AB20F0C00A00DCB /* LocationsViewModel.swift */ = {isa = PBXFileReference; lastKnownFileType = sourcecode.swift; path = LocationsViewModel.swift; sourceTree = "<group>"; };
		AB5014052AE92EAB005026E6 /* DateTests.swift */ = {isa = PBXFileReference; lastKnownFileType = sourcecode.swift; path = DateTests.swift; sourceTree = "<group>"; };
		AB65E9A72AFBDA6500A5459C /* SearchCollectionViewCell.xib */ = {isa = PBXFileReference; fileEncoding = 4; lastKnownFileType = file.xib; path = SearchCollectionViewCell.xib; sourceTree = "<group>"; };
		AB65E9A82AFBDA6500A5459C /* SearchCollectionViewCell.swift */ = {isa = PBXFileReference; fileEncoding = 4; lastKnownFileType = sourcecode.swift; path = SearchCollectionViewCell.swift; sourceTree = "<group>"; };
		AB6F50AE2AA23B0400B86F22 /* Color+Ext.swift */ = {isa = PBXFileReference; lastKnownFileType = sourcecode.swift; path = "Color+Ext.swift"; sourceTree = "<group>"; };
		AB7194D22AD014EC00FE7DA6 /* MapsView.swift */ = {isa = PBXFileReference; lastKnownFileType = sourcecode.swift; path = MapsView.swift; sourceTree = "<group>"; };
		AB7194D42AD01B6600FE7DA6 /* WarningsView.swift */ = {isa = PBXFileReference; fileEncoding = 4; lastKnownFileType = sourcecode.swift; path = WarningsView.swift; sourceTree = "<group>"; };
		AB74B67E2AB5F16300F2F492 /* Decimal+Ext.swift */ = {isa = PBXFileReference; lastKnownFileType = sourcecode.swift; path = "Decimal+Ext.swift"; sourceTree = "<group>"; };
		AB8136C32AA0EACF005B26B0 /* Weather.app */ = {isa = PBXFileReference; explicitFileType = wrapper.application; includeInIndex = 0; path = Weather.app; sourceTree = BUILT_PRODUCTS_DIR; };
		AB8136C62AA0EACF005B26B0 /* AppDelegate.swift */ = {isa = PBXFileReference; lastKnownFileType = sourcecode.swift; path = AppDelegate.swift; sourceTree = "<group>"; };
		AB8136D02AA0EACF005B26B0 /* Weather.xcdatamodel */ = {isa = PBXFileReference; lastKnownFileType = wrapper.xcdatamodel; path = Weather.xcdatamodel; sourceTree = "<group>"; };
		AB8136D22AA0EAD1005B26B0 /* Assets.xcassets */ = {isa = PBXFileReference; lastKnownFileType = folder.assetcatalog; path = Assets.xcassets; sourceTree = "<group>"; };
		AB8136D52AA0EAD1005B26B0 /* Base */ = {isa = PBXFileReference; lastKnownFileType = file.storyboard; name = Base; path = Base.lproj/LaunchScreen.storyboard; sourceTree = "<group>"; };
		AB8136D72AA0EAD1005B26B0 /* Info.plist */ = {isa = PBXFileReference; lastKnownFileType = text.plist.xml; path = Info.plist; sourceTree = "<group>"; };
		AB8136DC2AA0EAD1005B26B0 /* WeatherTests.xctest */ = {isa = PBXFileReference; explicitFileType = wrapper.cfbundle; includeInIndex = 0; path = WeatherTests.xctest; sourceTree = BUILT_PRODUCTS_DIR; };
		AB8136E02AA0EAD1005B26B0 /* WeatherTests.swift */ = {isa = PBXFileReference; lastKnownFileType = sourcecode.swift; path = WeatherTests.swift; sourceTree = "<group>"; };
		AB8136E62AA0EAD1005B26B0 /* WeatherUITests.xctest */ = {isa = PBXFileReference; explicitFileType = wrapper.cfbundle; includeInIndex = 0; path = WeatherUITests.xctest; sourceTree = BUILT_PRODUCTS_DIR; };
		AB8136EA2AA0EAD1005B26B0 /* WeatherUITests.swift */ = {isa = PBXFileReference; lastKnownFileType = sourcecode.swift; path = WeatherUITests.swift; sourceTree = "<group>"; };
		AB8136EC2AA0EAD1005B26B0 /* WeatherUITestsLaunchTests.swift */ = {isa = PBXFileReference; lastKnownFileType = sourcecode.swift; path = WeatherUITestsLaunchTests.swift; sourceTree = "<group>"; };
		AB8137082AA12B06005B26B0 /* UIViewController+Ext.swift */ = {isa = PBXFileReference; lastKnownFileType = sourcecode.swift; path = "UIViewController+Ext.swift"; sourceTree = "<group>"; };
		AB819B932ACEA65E00DF11A4 /* OneCall(37.332,-122.031).json */ = {isa = PBXFileReference; fileEncoding = 4; lastKnownFileType = text.json; path = "OneCall(37.332,-122.031).json"; sourceTree = "<group>"; };
		AB819B982ACEDE0400DF11A4 /* OneCall(51.488,-0.169).json */ = {isa = PBXFileReference; fileEncoding = 4; lastKnownFileType = text.json; path = "OneCall(51.488,-0.169).json"; sourceTree = "<group>"; };
		AB819B9A2ACEE79900DF11A4 /* OneCall(41.876,-87.624).json */ = {isa = PBXFileReference; fileEncoding = 4; lastKnownFileType = text.json; path = "OneCall(41.876,-87.624).json"; sourceTree = "<group>"; };
		AB819B9C2ACEE80700DF11A4 /* OneCall(41.893,12.483).json */ = {isa = PBXFileReference; fileEncoding = 4; lastKnownFileType = text.json; path = "OneCall(41.893,12.483).json"; sourceTree = "<group>"; };
		AB819B9E2ACEE86500DF11A4 /* OneCall(35.71,139.454).json */ = {isa = PBXFileReference; fileEncoding = 4; lastKnownFileType = text.json; path = "OneCall(35.71,139.454).json"; sourceTree = "<group>"; };
		AB819BA12ACEEFBD00DF11A4 /* Settings.bundle */ = {isa = PBXFileReference; lastKnownFileType = "wrapper.plug-in"; path = Settings.bundle; sourceTree = "<group>"; };
		AB819BA32ACEF1EB00DF11A4 /* SettingsBundleHelper.swift */ = {isa = PBXFileReference; lastKnownFileType = sourcecode.swift; path = SettingsBundleHelper.swift; sourceTree = "<group>"; };
		AB81C0D32AE66254008F6AC5 /* DottedLine.swift */ = {isa = PBXFileReference; lastKnownFileType = sourcecode.swift; path = DottedLine.swift; sourceTree = "<group>"; };
		AB869A082AFE8EBF00871299 /* HourForecastWindView.swift */ = {isa = PBXFileReference; fileEncoding = 4; lastKnownFileType = sourcecode.swift; path = HourForecastWindView.swift; sourceTree = "<group>"; };
		AB8739832AEBC01B005AF5D8 /* OneCall(21.316,-157.801).json */ = {isa = PBXFileReference; fileEncoding = 4; lastKnownFileType = text.json; path = "OneCall(21.316,-157.801).json"; sourceTree = "<group>"; };
		AB87CAA02AC5AC9900428046 /* SettingsRowModifier.swift */ = {isa = PBXFileReference; lastKnownFileType = sourcecode.swift; path = SettingsRowModifier.swift; sourceTree = "<group>"; };
		AB87CAA22AC5AD3E00428046 /* PrimaryButtonStyle.swift */ = {isa = PBXFileReference; lastKnownFileType = sourcecode.swift; path = PrimaryButtonStyle.swift; sourceTree = "<group>"; };
		AB87D1F42ACC61F800D1067A /* CDLocation+CoreDataClass.swift */ = {isa = PBXFileReference; lastKnownFileType = sourcecode.swift; path = "CDLocation+CoreDataClass.swift"; sourceTree = "<group>"; };
		AB87D1F52ACC61F800D1067A /* CDLocation+CoreDataProperties.swift */ = {isa = PBXFileReference; lastKnownFileType = sourcecode.swift; path = "CDLocation+CoreDataProperties.swift"; sourceTree = "<group>"; };
		AB89D48D2AA5CD6A0042B292 /* Beaufort.swift */ = {isa = PBXFileReference; lastKnownFileType = sourcecode.swift; path = Beaufort.swift; sourceTree = "<group>"; };
		AB89D48F2AA5CDA70042B292 /* WindDirection.swift */ = {isa = PBXFileReference; lastKnownFileType = sourcecode.swift; path = WindDirection.swift; sourceTree = "<group>"; };
		AB8A7F912BDD1FB800B3A3D1 /* NavBarTitleView.swift */ = {isa = PBXFileReference; fileEncoding = 4; lastKnownFileType = sourcecode.swift; path = NavBarTitleView.swift; sourceTree = "<group>"; };
		AB8BA04B2AB51010004212D3 /* CoreDataManager.swift */ = {isa = PBXFileReference; lastKnownFileType = sourcecode.swift; path = CoreDataManager.swift; sourceTree = "<group>"; };
		AB8EAFF62AEA9F08003A1743 /* StatefulPreviewWrapper.swift */ = {isa = PBXFileReference; lastKnownFileType = sourcecode.swift; path = StatefulPreviewWrapper.swift; sourceTree = "<group>"; };
		AB8EAFF82AEAEB03003A1743 /* DecimalTests.swift */ = {isa = PBXFileReference; lastKnownFileType = sourcecode.swift; path = DecimalTests.swift; sourceTree = "<group>"; };
		AB8EC7882AE9C51500808A6A /* SlidingSelectorView.swift */ = {isa = PBXFileReference; lastKnownFileType = sourcecode.swift; path = SlidingSelectorView.swift; sourceTree = "<group>"; };
		AB8FBE802AAA09B800AA51CC /* Int+Ext.swift */ = {isa = PBXFileReference; lastKnownFileType = sourcecode.swift; path = "Int+Ext.swift"; sourceTree = "<group>"; };
		AB8FBE862AAA709000AA51CC /* UICollectionView+Ext.swift */ = {isa = PBXFileReference; lastKnownFileType = sourcecode.swift; path = "UICollectionView+Ext.swift"; sourceTree = "<group>"; };
		AB8FBE8A2AAA71CF00AA51CC /* UICollectionViewCell+Ext.swift */ = {isa = PBXFileReference; lastKnownFileType = sourcecode.swift; path = "UICollectionViewCell+Ext.swift"; sourceTree = "<group>"; };
		AB8FBE8C2AAA7D3F00AA51CC /* Date+Ext.swift */ = {isa = PBXFileReference; lastKnownFileType = sourcecode.swift; path = "Date+Ext.swift"; sourceTree = "<group>"; };
		AB91EC702B076C5500673919 /* ScrollButtonsView.swift */ = {isa = PBXFileReference; lastKnownFileType = sourcecode.swift; path = ScrollButtonsView.swift; sourceTree = "<group>"; };
		AB91F3292B0CCF4C00B08754 /* String+Ext.swift */ = {isa = PBXFileReference; lastKnownFileType = sourcecode.swift; path = "String+Ext.swift"; sourceTree = "<group>"; };
		AB9266212AE516F500F83710 /* HourForecastSeparatorView.swift */ = {isa = PBXFileReference; fileEncoding = 4; lastKnownFileType = sourcecode.swift; path = HourForecastSeparatorView.swift; sourceTree = "<group>"; };
		AB934C092AE4748B00766CE6 /* HourForecastMultipleView.swift */ = {isa = PBXFileReference; fileEncoding = 4; lastKnownFileType = sourcecode.swift; path = HourForecastMultipleView.swift; sourceTree = "<group>"; };
		AB934C0D2AE4922300766CE6 /* UIImage+Ext.swift */ = {isa = PBXFileReference; lastKnownFileType = sourcecode.swift; path = "UIImage+Ext.swift"; sourceTree = "<group>"; };
		AB94AE7D2B02622000CD38F0 /* FullForecastOverlayView.swift */ = {isa = PBXFileReference; lastKnownFileType = sourcecode.swift; path = FullForecastOverlayView.swift; sourceTree = "<group>"; };
		AB94AE812B0266F200CD38F0 /* WindDirectionTests.swift */ = {isa = PBXFileReference; fileEncoding = 4; lastKnownFileType = sourcecode.swift; path = WindDirectionTests.swift; sourceTree = "<group>"; };
		AB9744B72AC30D7C00D9EEA4 /* CustomizeView.swift */ = {isa = PBXFileReference; lastKnownFileType = sourcecode.swift; path = CustomizeView.swift; sourceTree = "<group>"; };
		AB9744B92AC3294C00D9EEA4 /* SettingsRowView.swift */ = {isa = PBXFileReference; fileEncoding = 4; lastKnownFileType = sourcecode.swift; path = SettingsRowView.swift; sourceTree = "<group>"; };
		AB9744BB2AC32F0E00D9EEA4 /* PrivacyPolicyView.swift */ = {isa = PBXFileReference; lastKnownFileType = sourcecode.swift; path = PrivacyPolicyView.swift; sourceTree = "<group>"; };
		AB9744BE2AC339FF00D9EEA4 /* AcknowledgementsView.swift */ = {isa = PBXFileReference; lastKnownFileType = sourcecode.swift; path = AcknowledgementsView.swift; sourceTree = "<group>"; };
		AB9744C02AC33A1B00D9EEA4 /* NotificationsView.swift */ = {isa = PBXFileReference; lastKnownFileType = sourcecode.swift; path = NotificationsView.swift; sourceTree = "<group>"; };
		AB9744C22AC33A3600D9EEA4 /* RemoveAdsView.swift */ = {isa = PBXFileReference; lastKnownFileType = sourcecode.swift; path = RemoveAdsView.swift; sourceTree = "<group>"; };
		AB98FF032AD3EE4C00DF821F /* FullForecastView.swift */ = {isa = PBXFileReference; lastKnownFileType = sourcecode.swift; path = FullForecastView.swift; sourceTree = "<group>"; };
		AB98FF052AD433DC00DF821F /* DayForecastView.swift */ = {isa = PBXFileReference; lastKnownFileType = sourcecode.swift; path = DayForecastView.swift; sourceTree = "<group>"; };
		AB98FF072AD53C2200DF821F /* Font+Ext.swift */ = {isa = PBXFileReference; lastKnownFileType = sourcecode.swift; path = "Font+Ext.swift"; sourceTree = "<group>"; };
		AB98FF092AD5495700DF821F /* DaySummaryView.swift */ = {isa = PBXFileReference; lastKnownFileType = sourcecode.swift; path = DaySummaryView.swift; sourceTree = "<group>"; };
		AB9A7CEA2B036BB600CF6765 /* RoundedCornersRectangle.swift */ = {isa = PBXFileReference; lastKnownFileType = sourcecode.swift; path = RoundedCornersRectangle.swift; sourceTree = "<group>"; };
		AB9A8FEC2AE40AF3003FAA6D /* Array+Ext.swift */ = {isa = PBXFileReference; lastKnownFileType = sourcecode.swift; path = "Array+Ext.swift"; sourceTree = "<group>"; };
		AB9AB2832AFD128600532FE7 /* SunriseSunsetView.swift */ = {isa = PBXFileReference; fileEncoding = 4; lastKnownFileType = sourcecode.swift; path = SunriseSunsetView.swift; sourceTree = "<group>"; };
		ABB36DA32ABAF402007255A8 /* README.md */ = {isa = PBXFileReference; fileEncoding = 4; lastKnownFileType = net.daringfireball.markdown; path = README.md; sourceTree = "<group>"; xcLanguageSpecificationIdentifier = xcode.lang.markdown; };
		ABD255272BDBE6600084E12B /* WeatherIcon.swift */ = {isa = PBXFileReference; lastKnownFileType = sourcecode.swift; path = WeatherIcon.swift; sourceTree = "<group>"; };
		ABEEC6092BADEC5E007E661A /* CommonStrings.swift */ = {isa = PBXFileReference; lastKnownFileType = sourcecode.swift; path = CommonStrings.swift; sourceTree = "<group>"; };
		ABEEC60D2BADF1F7007E661A /* InteractorContainer.swift */ = {isa = PBXFileReference; lastKnownFileType = sourcecode.swift; path = InteractorContainer.swift; sourceTree = "<group>"; };
/* End PBXFileReference section */

/* Begin PBXFrameworksBuildPhase section */
		AB8136C02AA0EACF005B26B0 /* Frameworks */ = {
			isa = PBXFrameworksBuildPhase;
			buildActionMask = 2147483647;
			files = (
				AB2787F72AFD28A700F6B2B3 /* WeatherNetworkingKit in Frameworks */,
			);
			runOnlyForDeploymentPostprocessing = 0;
		};
		AB8136D92AA0EAD1005B26B0 /* Frameworks */ = {
			isa = PBXFrameworksBuildPhase;
			buildActionMask = 2147483647;
			files = (
			);
			runOnlyForDeploymentPostprocessing = 0;
		};
		AB8136E32AA0EAD1005B26B0 /* Frameworks */ = {
			isa = PBXFrameworksBuildPhase;
			buildActionMask = 2147483647;
			files = (
			);
			runOnlyForDeploymentPostprocessing = 0;
		};
/* End PBXFrameworksBuildPhase section */

/* Begin PBXGroup section */
		AB0ABC842BB2C84E00737A2F /* Network */ = {
			isa = PBXGroup;
			children = (
				AB0ABC822BB2C82C00737A2F /* NetworkManager.swift */,
			);
			path = Network;
			sourceTree = "<group>";
		};
		AB1863F52BD91F1F0003048C /* Extensions */ = {
			isa = PBXGroup;
			children = (
				AB391A932AB1A6B900199EFD /* IndexPath+Ext.swift */,
				AB8FBE862AAA709000AA51CC /* UICollectionView+Ext.swift */,
				AB8FBE8A2AAA71CF00AA51CC /* UICollectionViewCell+Ext.swift */,
				AB1863F62BD941140003048C /* UIFont+Ext.swift */,
				AB8137082AA12B06005B26B0 /* UIViewController+Ext.swift */,
			);
			path = Extensions;
			sourceTree = "<group>";
		};
		AB2787F82AFD5F5400F6B2B3 /* HourlyContent */ = {
			isa = PBXGroup;
			children = (
				AB2787F92AFD5F7F00F6B2B3 /* HourlyForecastsView.swift */,
				AB869A082AFE8EBF00871299 /* HourForecastWindView.swift */,
				AB934C092AE4748B00766CE6 /* HourForecastMultipleView.swift */,
				AB9266212AE516F500F83710 /* HourForecastSeparatorView.swift */,
			);
			path = HourlyContent;
			sourceTree = "<group>";
		};
		AB3F3CEE2BA473D3000A2573 /* Legacy */ = {
			isa = PBXGroup;
			children = (
				AB1863F52BD91F1F0003048C /* Extensions */,
				AB65E9A62AFBA8AF00A5459C /* Cells */,
				AB40BA0B2AB20F0C00A00DCB /* LocationsViewModel.swift */,
				AB40BA032AB20E5800A00DCB /* LocationsViewController.swift */,
				AB40BA042AB20E5800A00DCB /* LocationsViewController.xib */,
				AB1B51362AB8893F00F8D69D /* LocationsCollectionController.swift */,
			);
			path = Legacy;
			sourceTree = "<group>";
		};
		AB40B9F72AB1B96A00A00DCB /* Locations */ = {
			isa = PBXGroup;
			children = (
				AB3F3CEE2BA473D3000A2573 /* Legacy */,
				AB0ABC7B2BB19B1300737A2F /* LocationsWrapperView.swift */,
				AB3F3CEC2BA47323000A2573 /* LocationsView.swift */,
			);
			path = Locations;
			sourceTree = "<group>";
		};
		AB40B9FA2AB1C0E000A00DCB /* Settings */ = {
			isa = PBXGroup;
			children = (
				AB9744BD2AC339AE00D9EEA4 /* DetailViews */,
				AB40B9FB2AB1C0FC00A00DCB /* SettingsView.swift */,
				AB9744B92AC3294C00D9EEA4 /* SettingsRowView.swift */,
				AB87CAA02AC5AC9900428046 /* SettingsRowModifier.swift */,
			);
			path = Settings;
			sourceTree = "<group>";
		};
		AB65E9A62AFBA8AF00A5459C /* Cells */ = {
			isa = PBXGroup;
			children = (
				AB65E9A82AFBDA6500A5459C /* SearchCollectionViewCell.swift */,
				AB65E9A72AFBDA6500A5459C /* SearchCollectionViewCell.xib */,
				AB1B51352AB8893F00F8D69D /* LocationCollectionViewCell.swift */,
				AB1B51372AB8893F00F8D69D /* LocationCollectionViewCell.xib */,
				AB1B514C2AB9F3E900F8D69D /* SelectableCollectionViewCell.swift */,
				AB1B514B2AB9F3E900F8D69D /* SelectableCollectionViewCell.xib */,
			);
			path = Cells;
			sourceTree = "<group>";
		};
		AB6F50982AA218E400B86F22 /* Maps */ = {
			isa = PBXGroup;
			children = (
				AB7194D22AD014EC00FE7DA6 /* MapsView.swift */,
			);
			path = Maps;
			sourceTree = "<group>";
		};
		AB6F50992AA218EE00B86F22 /* Warnings */ = {
			isa = PBXGroup;
			children = (
				AB7194D42AD01B6600FE7DA6 /* WarningsView.swift */,
			);
			path = Warnings;
			sourceTree = "<group>";
		};
		AB8136BA2AA0EACF005B26B0 = {
			isa = PBXGroup;
			children = (
				ABB36DA32ABAF402007255A8 /* README.md */,
				AB8136C52AA0EACF005B26B0 /* Weather */,
				AB8136DF2AA0EAD1005B26B0 /* WeatherTests */,
				AB8136E92AA0EAD1005B26B0 /* WeatherUITests */,
				AB8136C42AA0EACF005B26B0 /* Products */,
			);
			sourceTree = "<group>";
		};
		AB8136C42AA0EACF005B26B0 /* Products */ = {
			isa = PBXGroup;
			children = (
				AB8136C32AA0EACF005B26B0 /* Weather.app */,
				AB8136DC2AA0EAD1005B26B0 /* WeatherTests.xctest */,
				AB8136E62AA0EAD1005B26B0 /* WeatherUITests.xctest */,
			);
			name = Products;
			sourceTree = "<group>";
		};
		AB8136C52AA0EACF005B26B0 /* Weather */ = {
			isa = PBXGroup;
			children = (
				AB819B912ACEA5F300DF11A4 /* Resources */,
				AB8137052AA12ABC005B26B0 /* Source */,
				AB2C35842BA995C4000334A6 /* WeatherApp.swift */,
				AB8136C62AA0EACF005B26B0 /* AppDelegate.swift */,
				AB8136D22AA0EAD1005B26B0 /* Assets.xcassets */,
				AB8136D42AA0EAD1005B26B0 /* LaunchScreen.storyboard */,
				AB8136D72AA0EAD1005B26B0 /* Info.plist */,
				AB8136CF2AA0EACF005B26B0 /* Weather.xcdatamodeld */,
				AB819BA12ACEEFBD00DF11A4 /* Settings.bundle */,
			);
			path = Weather;
			sourceTree = "<group>";
		};
		AB8136DF2AA0EAD1005B26B0 /* WeatherTests */ = {
			isa = PBXGroup;
			children = (
				AB94AE812B0266F200CD38F0 /* WindDirectionTests.swift */,
				AB8136E02AA0EAD1005B26B0 /* WeatherTests.swift */,
				AB5014052AE92EAB005026E6 /* DateTests.swift */,
				AB8EAFF82AEAEB03003A1743 /* DecimalTests.swift */,
			);
			path = WeatherTests;
			sourceTree = "<group>";
		};
		AB8136E92AA0EAD1005B26B0 /* WeatherUITests */ = {
			isa = PBXGroup;
			children = (
				AB8136EA2AA0EAD1005B26B0 /* WeatherUITests.swift */,
				AB8136EC2AA0EAD1005B26B0 /* WeatherUITestsLaunchTests.swift */,
			);
			path = WeatherUITests;
			sourceTree = "<group>";
		};
		AB8137052AA12ABC005B26B0 /* Source */ = {
			isa = PBXGroup;
			children = (
				ABE9617C2BB433C2007D5869 /* App */,
				AB0ABC842BB2C84E00737A2F /* Network */,
				ABEEC6062BADE500007E661A /* Stubs */,
				AB89D4882AA5CCB40042B292 /* Persistance */,
				AB81370B2AA12BB5005B26B0 /* Common */,
				AB8137072AA12AE6005B26B0 /* Extensions */,
				AB8137062AA12AD7005B26B0 /* Features */,
			);
			path = Source;
			sourceTree = "<group>";
		};
		AB8137062AA12AD7005B26B0 /* Features */ = {
			isa = PBXGroup;
			children = (
				AB40B9FA2AB1C0E000A00DCB /* Settings */,
				AB40B9F72AB1B96A00A00DCB /* Locations */,
				AB872BE82AA4A22900EA5ACB /* FullForecast */,
				AB81370A2AA12B61005B26B0 /* Weather */,
				AB6F50982AA218E400B86F22 /* Maps */,
				AB6F50992AA218EE00B86F22 /* Warnings */,
			);
			path = Features;
			sourceTree = "<group>";
		};
		AB8137072AA12AE6005B26B0 /* Extensions */ = {
			isa = PBXGroup;
			children = (
				AB9A8FEC2AE40AF3003FAA6D /* Array+Ext.swift */,
				AB8FBE8C2AAA7D3F00AA51CC /* Date+Ext.swift */,
				AB74B67E2AB5F16300F2F492 /* Decimal+Ext.swift */,
				AB8FBE802AAA09B800AA51CC /* Int+Ext.swift */,
				AB91F3292B0CCF4C00B08754 /* String+Ext.swift */,
				AB6F50AE2AA23B0400B86F22 /* Color+Ext.swift */,
				AB98FF072AD53C2200DF821F /* Font+Ext.swift */,
				AB934C0D2AE4922300766CE6 /* UIImage+Ext.swift */,
			);
			path = Extensions;
			sourceTree = "<group>";
		};
		AB81370A2AA12B61005B26B0 /* Weather */ = {
			isa = PBXGroup;
			children = (
				AB3F3CE62BA34250000A2573 /* WeatherView.swift */,
				AB2006772BACBE8600A0971F /* WeatherInteractor.swift */,
				AB20067D2BADC75300A0971F /* VideoForecastView.swift */,
				AB20067B2BADB71200A0971F /* SummaryForecastView.swift */,
			);
			path = Weather;
			sourceTree = "<group>";
		};
		AB81370B2AA12BB5005B26B0 /* Common */ = {
			isa = PBXGroup;
			children = (
				ABB1F1C52BD8F3B100ABEA9F /* Views */,
				AB3F3CEA2BA34F7F000A2573 /* ActivityIndicator.swift */,
				AB819BA32ACEF1EB00DF11A4 /* SettingsBundleHelper.swift */,
				AB87CAA22AC5AD3E00428046 /* PrimaryButtonStyle.swift */,
				AB89D48D2AA5CD6A0042B292 /* Beaufort.swift */,
				AB89D48F2AA5CDA70042B292 /* WindDirection.swift */,
				AB81C0D32AE66254008F6AC5 /* DottedLine.swift */,
				ABEEC6092BADEC5E007E661A /* CommonStrings.swift */,
			);
			path = Common;
			sourceTree = "<group>";
		};
		AB819B912ACEA5F300DF11A4 /* Resources */ = {
			isa = PBXGroup;
			children = (
				AB819B922ACEA5FE00DF11A4 /* json */,
			);
			path = Resources;
			sourceTree = "<group>";
		};
		AB819B922ACEA5FE00DF11A4 /* json */ = {
			isa = PBXGroup;
			children = (
				AB8739832AEBC01B005AF5D8 /* OneCall(21.316,-157.801).json */,
				AB819B9E2ACEE86500DF11A4 /* OneCall(35.71,139.454).json */,
				AB819B9C2ACEE80700DF11A4 /* OneCall(41.893,12.483).json */,
				AB819B9A2ACEE79900DF11A4 /* OneCall(41.876,-87.624).json */,
				AB819B982ACEDE0400DF11A4 /* OneCall(51.488,-0.169).json */,
				AB819B932ACEA65E00DF11A4 /* OneCall(37.332,-122.031).json */,
			);
			path = json;
			sourceTree = "<group>";
		};
		AB872BE82AA4A22900EA5ACB /* FullForecast */ = {
			isa = PBXGroup;
			children = (
				AB2787F82AFD5F5400F6B2B3 /* HourlyContent */,
				AB98FF032AD3EE4C00DF821F /* FullForecastView.swift */,
				AB94AE7D2B02622000CD38F0 /* FullForecastOverlayView.swift */,
				AB9AB2832AFD128600532FE7 /* SunriseSunsetView.swift */,
				AB98FF092AD5495700DF821F /* DaySummaryView.swift */,
				AB98FF052AD433DC00DF821F /* DayForecastView.swift */,
			);
			path = FullForecast;
			sourceTree = "<group>";
		};
		AB89D4882AA5CCB40042B292 /* Persistance */ = {
			isa = PBXGroup;
			children = (
				ABC9DB8D2AC6C8B100F1ABA3 /* CoreDataStack */,
				AB8BA04B2AB51010004212D3 /* CoreDataManager.swift */,
			);
			path = Persistance;
			sourceTree = "<group>";
		};
		AB9744BD2AC339AE00D9EEA4 /* DetailViews */ = {
			isa = PBXGroup;
			children = (
				AB9744B72AC30D7C00D9EEA4 /* CustomizeView.swift */,
				AB9744BB2AC32F0E00D9EEA4 /* PrivacyPolicyView.swift */,
				AB9744BE2AC339FF00D9EEA4 /* AcknowledgementsView.swift */,
				AB9744C02AC33A1B00D9EEA4 /* NotificationsView.swift */,
				AB9744C22AC33A3600D9EEA4 /* RemoveAdsView.swift */,
			);
			path = DetailViews;
			sourceTree = "<group>";
		};
		ABB1F1C52BD8F3B100ABEA9F /* Views */ = {
			isa = PBXGroup;
			children = (
				AB8A7F912BDD1FB800B3A3D1 /* NavBarTitleView.swift */,
				AB20067F2BADCB0900A0971F /* WebView.swift */,
				AB8EC7882AE9C51500808A6A /* SlidingSelectorView.swift */,
				AB8EAFF62AEA9F08003A1743 /* StatefulPreviewWrapper.swift */,
				AB9A7CEA2B036BB600CF6765 /* RoundedCornersRectangle.swift */,
				AB91EC702B076C5500673919 /* ScrollButtonsView.swift */,
				ABD255272BDBE6600084E12B /* WeatherIcon.swift */,
			);
			path = Views;
			sourceTree = "<group>";
		};
		ABC9DB8D2AC6C8B100F1ABA3 /* CoreDataStack */ = {
			isa = PBXGroup;
			children = (
				AB87D1F42ACC61F800D1067A /* CDLocation+CoreDataClass.swift */,
				AB87D1F52ACC61F800D1067A /* CDLocation+CoreDataProperties.swift */,
				AB1B51452AB9BC9A00F8D69D /* CDLocation+Ext.swift */,
			);
			path = CoreDataStack;
			sourceTree = "<group>";
		};
		ABE9617C2BB433C2007D5869 /* App */ = {
			isa = PBXGroup;
			children = (
				AB2006792BACC82200A0971F /* AppEnvironment.swift */,
				AB2C35802BA8F373000334A6 /* AppState.swift */,
				AB2C35822BA99386000334A6 /* ContentView.swift */,
				ABEEC60D2BADF1F7007E661A /* InteractorContainer.swift */,
			);
			path = App;
			sourceTree = "<group>";
		};
		ABEEC6062BADE500007E661A /* Stubs */ = {
			isa = PBXGroup;
			children = (
				AB0ABC872BB2CB9000737A2F /* NetworkManager+Stubs.swift */,
			);
			path = Stubs;
			sourceTree = "<group>";
		};
/* End PBXGroup section */

/* Begin PBXNativeTarget section */
		AB8136C22AA0EACF005B26B0 /* Weather */ = {
			isa = PBXNativeTarget;
			buildConfigurationList = AB8136F02AA0EAD1005B26B0 /* Build configuration list for PBXNativeTarget "Weather" */;
			buildPhases = (
				AB8136BF2AA0EACF005B26B0 /* Sources */,
				AB8136C02AA0EACF005B26B0 /* Frameworks */,
				AB8136C12AA0EACF005B26B0 /* Resources */,
				AB819BA02ACEEE1C00DF11A4 /* Run Script */,
			);
			buildRules = (
			);
			dependencies = (
			);
			name = Weather;
			packageProductDependencies = (
				AB2787F62AFD28A700F6B2B3 /* WeatherNetworkingKit */,
			);
			productName = Weather;
			productReference = AB8136C32AA0EACF005B26B0 /* Weather.app */;
			productType = "com.apple.product-type.application";
		};
		AB8136DB2AA0EAD1005B26B0 /* WeatherTests */ = {
			isa = PBXNativeTarget;
			buildConfigurationList = AB8136F32AA0EAD1005B26B0 /* Build configuration list for PBXNativeTarget "WeatherTests" */;
			buildPhases = (
				AB8136D82AA0EAD1005B26B0 /* Sources */,
				AB8136D92AA0EAD1005B26B0 /* Frameworks */,
				AB8136DA2AA0EAD1005B26B0 /* Resources */,
			);
			buildRules = (
			);
			dependencies = (
				AB8136DE2AA0EAD1005B26B0 /* PBXTargetDependency */,
			);
			name = WeatherTests;
			productName = WeatherTests;
			productReference = AB8136DC2AA0EAD1005B26B0 /* WeatherTests.xctest */;
			productType = "com.apple.product-type.bundle.unit-test";
		};
		AB8136E52AA0EAD1005B26B0 /* WeatherUITests */ = {
			isa = PBXNativeTarget;
			buildConfigurationList = AB8136F62AA0EAD1005B26B0 /* Build configuration list for PBXNativeTarget "WeatherUITests" */;
			buildPhases = (
				AB8136E22AA0EAD1005B26B0 /* Sources */,
				AB8136E32AA0EAD1005B26B0 /* Frameworks */,
				AB8136E42AA0EAD1005B26B0 /* Resources */,
			);
			buildRules = (
			);
			dependencies = (
				AB8136E82AA0EAD1005B26B0 /* PBXTargetDependency */,
			);
			name = WeatherUITests;
			productName = WeatherUITests;
			productReference = AB8136E62AA0EAD1005B26B0 /* WeatherUITests.xctest */;
			productType = "com.apple.product-type.bundle.ui-testing";
		};
/* End PBXNativeTarget section */

/* Begin PBXProject section */
		AB8136BB2AA0EACF005B26B0 /* Project object */ = {
			isa = PBXProject;
			attributes = {
				BuildIndependentTargetsInParallel = 1;
				LastSwiftUpdateCheck = 1430;
				LastUpgradeCheck = 1500;
				TargetAttributes = {
					AB8136C22AA0EACF005B26B0 = {
						CreatedOnToolsVersion = 14.3.1;
					};
					AB8136DB2AA0EAD1005B26B0 = {
						CreatedOnToolsVersion = 14.3.1;
						TestTargetID = AB8136C22AA0EACF005B26B0;
					};
					AB8136E52AA0EAD1005B26B0 = {
						CreatedOnToolsVersion = 14.3.1;
						TestTargetID = AB8136C22AA0EACF005B26B0;
					};
				};
			};
			buildConfigurationList = AB8136BE2AA0EACF005B26B0 /* Build configuration list for PBXProject "Weather" */;
			compatibilityVersion = "Xcode 14.0";
			developmentRegion = en;
			hasScannedForEncodings = 0;
			knownRegions = (
				en,
				Base,
			);
			mainGroup = AB8136BA2AA0EACF005B26B0;
			packageReferences = (
				AB2787F52AFD28A700F6B2B3 /* XCRemoteSwiftPackageReference "WeatherNetworkingKit" */,
			);
			productRefGroup = AB8136C42AA0EACF005B26B0 /* Products */;
			projectDirPath = "";
			projectRoot = "";
			targets = (
				AB8136C22AA0EACF005B26B0 /* Weather */,
				AB8136DB2AA0EAD1005B26B0 /* WeatherTests */,
				AB8136E52AA0EAD1005B26B0 /* WeatherUITests */,
			);
		};
/* End PBXProject section */

/* Begin PBXResourcesBuildPhase section */
		AB8136C12AA0EACF005B26B0 /* Resources */ = {
			isa = PBXResourcesBuildPhase;
			buildActionMask = 2147483647;
			files = (
				AB819B942ACEA65E00DF11A4 /* OneCall(37.332,-122.031).json in Resources */,
				AB819BA22ACEEFBD00DF11A4 /* Settings.bundle in Resources */,
				AB8136D62AA0EAD1005B26B0 /* LaunchScreen.storyboard in Resources */,
				AB40BA062AB20E5900A00DCB /* LocationsViewController.xib in Resources */,
				AB819B9B2ACEE79900DF11A4 /* OneCall(41.876,-87.624).json in Resources */,
				ABB36DA42ABAF402007255A8 /* README.md in Resources */,
				AB8739842AEBC01B005AF5D8 /* OneCall(21.316,-157.801).json in Resources */,
				AB65E9A92AFBDA6500A5459C /* SearchCollectionViewCell.xib in Resources */,
				AB819B9D2ACEE80700DF11A4 /* OneCall(41.893,12.483).json in Resources */,
				AB1B514D2AB9F3E900F8D69D /* SelectableCollectionViewCell.xib in Resources */,
				AB819B992ACEDE0400DF11A4 /* OneCall(51.488,-0.169).json in Resources */,
				AB8136D32AA0EAD1005B26B0 /* Assets.xcassets in Resources */,
				AB819B9F2ACEE86500DF11A4 /* OneCall(35.71,139.454).json in Resources */,
				AB1B513A2AB8893F00F8D69D /* LocationCollectionViewCell.xib in Resources */,
			);
			runOnlyForDeploymentPostprocessing = 0;
		};
		AB8136DA2AA0EAD1005B26B0 /* Resources */ = {
			isa = PBXResourcesBuildPhase;
			buildActionMask = 2147483647;
			files = (
			);
			runOnlyForDeploymentPostprocessing = 0;
		};
		AB8136E42AA0EAD1005B26B0 /* Resources */ = {
			isa = PBXResourcesBuildPhase;
			buildActionMask = 2147483647;
			files = (
			);
			runOnlyForDeploymentPostprocessing = 0;
		};
/* End PBXResourcesBuildPhase section */

/* Begin PBXShellScriptBuildPhase section */
		AB819BA02ACEEE1C00DF11A4 /* Run Script */ = {
			isa = PBXShellScriptBuildPhase;
			alwaysOutOfDate = 1;
			buildActionMask = 2147483647;
			files = (
			);
			inputFileListPaths = (
			);
			inputPaths = (
			);
			name = "Run Script";
			outputFileListPaths = (
			);
			outputPaths = (
			);
			runOnlyForDeploymentPostprocessing = 0;
			shellPath = /bin/sh;
			shellScript = "BUILD_APP_DIR=\"$BUILT_PRODUCTS_DIR/$PRODUCT_NAME.app\"\n\nif [ $CONFIGURATION == \"Release\" ]; then\n    rm -rf \"$BUILD_APP_DIR/Settings.bundle\"\nfi\n";
		};
/* End PBXShellScriptBuildPhase section */

/* Begin PBXSourcesBuildPhase section */
		AB8136BF2AA0EACF005B26B0 /* Sources */ = {
			isa = PBXSourcesBuildPhase;
			buildActionMask = 2147483647;
			files = (
				AB0ABC832BB2C82C00737A2F /* NetworkManager.swift in Sources */,
				ABD255282BDBE6600084E12B /* WeatherIcon.swift in Sources */,
				AB9744C12AC33A1B00D9EEA4 /* NotificationsView.swift in Sources */,
				AB3F3CE72BA34250000A2573 /* WeatherView.swift in Sources */,
				AB2006802BADCB0900A0971F /* WebView.swift in Sources */,
				AB869A092AFE8EBF00871299 /* HourForecastWindView.swift in Sources */,
				AB9744BA2AC3294C00D9EEA4 /* SettingsRowView.swift in Sources */,
				AB8EC7892AE9C51500808A6A /* SlidingSelectorView.swift in Sources */,
				AB391A942AB1A6B900199EFD /* IndexPath+Ext.swift in Sources */,
				AB8EAFF72AEA9F08003A1743 /* StatefulPreviewWrapper.swift in Sources */,
				AB7194D32AD014EC00FE7DA6 /* MapsView.swift in Sources */,
				AB8136D12AA0EACF005B26B0 /* Weather.xcdatamodeld in Sources */,
				AB74B67F2AB5F16300F2F492 /* Decimal+Ext.swift in Sources */,
				AB94AE7E2B02622000CD38F0 /* FullForecastOverlayView.swift in Sources */,
				AB934C0E2AE4922300766CE6 /* UIImage+Ext.swift in Sources */,
				AB1B51382AB8893F00F8D69D /* LocationCollectionViewCell.swift in Sources */,
				AB40B9FC2AB1C0FC00A00DCB /* SettingsView.swift in Sources */,
				AB2006782BACBE8600A0971F /* WeatherInteractor.swift in Sources */,
				AB0ABC7C2BB19B1300737A2F /* LocationsWrapperView.swift in Sources */,
				AB20067A2BACC82200A0971F /* AppEnvironment.swift in Sources */,
				AB8BA04C2AB51010004212D3 /* CoreDataManager.swift in Sources */,
				AB9744B82AC30D7C00D9EEA4 /* CustomizeView.swift in Sources */,
				AB98FF062AD433DC00DF821F /* DayForecastView.swift in Sources */,
				AB40BA0C2AB20F0C00A00DCB /* LocationsViewModel.swift in Sources */,
				AB98FF0A2AD5495700DF821F /* DaySummaryView.swift in Sources */,
				AB934C0A2AE4748B00766CE6 /* HourForecastMultipleView.swift in Sources */,
				AB0ABC882BB2CB9000737A2F /* NetworkManager+Stubs.swift in Sources */,
				AB89D4902AA5CDA70042B292 /* WindDirection.swift in Sources */,
				AB9744C32AC33A3600D9EEA4 /* RemoveAdsView.swift in Sources */,
				AB8FBE812AAA09B800AA51CC /* Int+Ext.swift in Sources */,
				AB2C35832BA99386000334A6 /* ContentView.swift in Sources */,
				AB87D1F62ACC61F800D1067A /* CDLocation+CoreDataClass.swift in Sources */,
				AB8FBE8D2AAA7D3F00AA51CC /* Date+Ext.swift in Sources */,
				AB8137092AA12B06005B26B0 /* UIViewController+Ext.swift in Sources */,
				AB6F50AF2AA23B0400B86F22 /* Color+Ext.swift in Sources */,
				AB98FF042AD3EE4C00DF821F /* FullForecastView.swift in Sources */,
				AB1863F72BD941140003048C /* UIFont+Ext.swift in Sources */,
				AB7194D52AD01B6600FE7DA6 /* WarningsView.swift in Sources */,
				AB8A7F982BDD1FB800B3A3D1 /* NavBarTitleView.swift in Sources */,
				AB91F32A2B0CCF4C00B08754 /* String+Ext.swift in Sources */,
				AB2787FA2AFD5F7F00F6B2B3 /* HourlyForecastsView.swift in Sources */,
				AB8FBE872AAA709000AA51CC /* UICollectionView+Ext.swift in Sources */,
				AB89D48E2AA5CD6A0042B292 /* Beaufort.swift in Sources */,
				AB9A7CEB2B036BB600CF6765 /* RoundedCornersRectangle.swift in Sources */,
				AB3F3CEB2BA34F7F000A2573 /* ActivityIndicator.swift in Sources */,
				AB2C35812BA8F373000334A6 /* AppState.swift in Sources */,
				AB8136C72AA0EACF005B26B0 /* AppDelegate.swift in Sources */,
				AB9AB2842AFD128600532FE7 /* SunriseSunsetView.swift in Sources */,
				AB1B51392AB8893F00F8D69D /* LocationsCollectionController.swift in Sources */,
				AB2C35852BA995C4000334A6 /* WeatherApp.swift in Sources */,
				ABEEC60A2BADEC5E007E661A /* CommonStrings.swift in Sources */,
				AB40BA052AB20E5900A00DCB /* LocationsViewController.swift in Sources */,
				AB20067C2BADB71200A0971F /* SummaryForecastView.swift in Sources */,
				AB20067E2BADC75300A0971F /* VideoForecastView.swift in Sources */,
				AB87CAA32AC5AD3E00428046 /* PrimaryButtonStyle.swift in Sources */,
				AB3F3CED2BA47323000A2573 /* LocationsView.swift in Sources */,
				AB1B514E2AB9F3E900F8D69D /* SelectableCollectionViewCell.swift in Sources */,
				AB91EC712B076C5500673919 /* ScrollButtonsView.swift in Sources */,
				AB8FBE8B2AAA71CF00AA51CC /* UICollectionViewCell+Ext.swift in Sources */,
				AB65E9AA2AFBDA6500A5459C /* SearchCollectionViewCell.swift in Sources */,
				AB1B51462AB9BC9A00F8D69D /* CDLocation+Ext.swift in Sources */,
				AB87D1F72ACC61F800D1067A /* CDLocation+CoreDataProperties.swift in Sources */,
				AB9A8FED2AE40AF3003FAA6D /* Array+Ext.swift in Sources */,
				AB9744BC2AC32F0E00D9EEA4 /* PrivacyPolicyView.swift in Sources */,
				AB87CAA12AC5AC9900428046 /* SettingsRowModifier.swift in Sources */,
				AB819BA42ACEF1EB00DF11A4 /* SettingsBundleHelper.swift in Sources */,
				AB98FF082AD53C2200DF821F /* Font+Ext.swift in Sources */,
				AB81C0D42AE66254008F6AC5 /* DottedLine.swift in Sources */,
				ABEEC60E2BADF1F7007E661A /* InteractorContainer.swift in Sources */,
				AB9266222AE516F500F83710 /* HourForecastSeparatorView.swift in Sources */,
				AB9744BF2AC339FF00D9EEA4 /* AcknowledgementsView.swift in Sources */,
			);
			runOnlyForDeploymentPostprocessing = 0;
		};
		AB8136D82AA0EAD1005B26B0 /* Sources */ = {
			isa = PBXSourcesBuildPhase;
			buildActionMask = 2147483647;
			files = (
				AB8136E12AA0EAD1005B26B0 /* WeatherTests.swift in Sources */,
				AB94AE822B0266F200CD38F0 /* WindDirectionTests.swift in Sources */,
				AB5014062AE92EAB005026E6 /* DateTests.swift in Sources */,
				AB8EAFF92AEAEB03003A1743 /* DecimalTests.swift in Sources */,
			);
			runOnlyForDeploymentPostprocessing = 0;
		};
		AB8136E22AA0EAD1005B26B0 /* Sources */ = {
			isa = PBXSourcesBuildPhase;
			buildActionMask = 2147483647;
			files = (
				AB8136EB2AA0EAD1005B26B0 /* WeatherUITests.swift in Sources */,
				AB8136ED2AA0EAD1005B26B0 /* WeatherUITestsLaunchTests.swift in Sources */,
			);
			runOnlyForDeploymentPostprocessing = 0;
		};
/* End PBXSourcesBuildPhase section */

/* Begin PBXTargetDependency section */
		AB8136DE2AA0EAD1005B26B0 /* PBXTargetDependency */ = {
			isa = PBXTargetDependency;
			target = AB8136C22AA0EACF005B26B0 /* Weather */;
			targetProxy = AB8136DD2AA0EAD1005B26B0 /* PBXContainerItemProxy */;
		};
		AB8136E82AA0EAD1005B26B0 /* PBXTargetDependency */ = {
			isa = PBXTargetDependency;
			target = AB8136C22AA0EACF005B26B0 /* Weather */;
			targetProxy = AB8136E72AA0EAD1005B26B0 /* PBXContainerItemProxy */;
		};
/* End PBXTargetDependency section */

/* Begin PBXVariantGroup section */
		AB8136D42AA0EAD1005B26B0 /* LaunchScreen.storyboard */ = {
			isa = PBXVariantGroup;
			children = (
				AB8136D52AA0EAD1005B26B0 /* Base */,
			);
			name = LaunchScreen.storyboard;
			sourceTree = "<group>";
		};
/* End PBXVariantGroup section */

/* Begin XCBuildConfiguration section */
		AB8136EE2AA0EAD1005B26B0 /* Debug */ = {
			isa = XCBuildConfiguration;
			buildSettings = {
				ALWAYS_SEARCH_USER_PATHS = NO;
				CLANG_ANALYZER_NONNULL = YES;
				CLANG_ANALYZER_NUMBER_OBJECT_CONVERSION = YES_AGGRESSIVE;
				CLANG_CXX_LANGUAGE_STANDARD = "gnu++20";
				CLANG_ENABLE_MODULES = YES;
				CLANG_ENABLE_OBJC_ARC = YES;
				CLANG_ENABLE_OBJC_WEAK = YES;
				CLANG_WARN_BLOCK_CAPTURE_AUTORELEASING = YES;
				CLANG_WARN_BOOL_CONVERSION = YES;
				CLANG_WARN_COMMA = YES;
				CLANG_WARN_CONSTANT_CONVERSION = YES;
				CLANG_WARN_DEPRECATED_OBJC_IMPLEMENTATIONS = YES;
				CLANG_WARN_DIRECT_OBJC_ISA_USAGE = YES_ERROR;
				CLANG_WARN_DOCUMENTATION_COMMENTS = YES;
				CLANG_WARN_EMPTY_BODY = YES;
				CLANG_WARN_ENUM_CONVERSION = YES;
				CLANG_WARN_INFINITE_RECURSION = YES;
				CLANG_WARN_INT_CONVERSION = YES;
				CLANG_WARN_NON_LITERAL_NULL_CONVERSION = YES;
				CLANG_WARN_OBJC_IMPLICIT_RETAIN_SELF = YES;
				CLANG_WARN_OBJC_LITERAL_CONVERSION = YES;
				CLANG_WARN_OBJC_ROOT_CLASS = YES_ERROR;
				CLANG_WARN_QUOTED_INCLUDE_IN_FRAMEWORK_HEADER = YES;
				CLANG_WARN_RANGE_LOOP_ANALYSIS = YES;
				CLANG_WARN_STRICT_PROTOTYPES = YES;
				CLANG_WARN_SUSPICIOUS_MOVE = YES;
				CLANG_WARN_UNGUARDED_AVAILABILITY = YES_AGGRESSIVE;
				CLANG_WARN_UNREACHABLE_CODE = YES;
				CLANG_WARN__DUPLICATE_METHOD_MATCH = YES;
				COPY_PHASE_STRIP = NO;
				DEBUG_INFORMATION_FORMAT = dwarf;
				ENABLE_STRICT_OBJC_MSGSEND = YES;
				ENABLE_TESTABILITY = YES;
				ENABLE_USER_SCRIPT_SANDBOXING = YES;
				GCC_C_LANGUAGE_STANDARD = gnu11;
				GCC_DYNAMIC_NO_PIC = NO;
				GCC_NO_COMMON_BLOCKS = YES;
				GCC_OPTIMIZATION_LEVEL = 0;
				GCC_PREPROCESSOR_DEFINITIONS = (
					"DEBUG=1",
					"$(inherited)",
				);
				GCC_WARN_64_TO_32_BIT_CONVERSION = YES;
				GCC_WARN_ABOUT_RETURN_TYPE = YES_ERROR;
				GCC_WARN_UNDECLARED_SELECTOR = YES;
				GCC_WARN_UNINITIALIZED_AUTOS = YES_AGGRESSIVE;
				GCC_WARN_UNUSED_FUNCTION = YES;
				GCC_WARN_UNUSED_VARIABLE = YES;
				IPHONEOS_DEPLOYMENT_TARGET = 16.4;
				MTL_ENABLE_DEBUG_INFO = INCLUDE_SOURCE;
				MTL_FAST_MATH = YES;
				ONLY_ACTIVE_ARCH = YES;
				SDKROOT = iphoneos;
				SWIFT_ACTIVE_COMPILATION_CONDITIONS = DEBUG;
				SWIFT_OPTIMIZATION_LEVEL = "-Onone";
			};
			name = Debug;
		};
		AB8136EF2AA0EAD1005B26B0 /* Release */ = {
			isa = XCBuildConfiguration;
			buildSettings = {
				ALWAYS_SEARCH_USER_PATHS = NO;
				CLANG_ANALYZER_NONNULL = YES;
				CLANG_ANALYZER_NUMBER_OBJECT_CONVERSION = YES_AGGRESSIVE;
				CLANG_CXX_LANGUAGE_STANDARD = "gnu++20";
				CLANG_ENABLE_MODULES = YES;
				CLANG_ENABLE_OBJC_ARC = YES;
				CLANG_ENABLE_OBJC_WEAK = YES;
				CLANG_WARN_BLOCK_CAPTURE_AUTORELEASING = YES;
				CLANG_WARN_BOOL_CONVERSION = YES;
				CLANG_WARN_COMMA = YES;
				CLANG_WARN_CONSTANT_CONVERSION = YES;
				CLANG_WARN_DEPRECATED_OBJC_IMPLEMENTATIONS = YES;
				CLANG_WARN_DIRECT_OBJC_ISA_USAGE = YES_ERROR;
				CLANG_WARN_DOCUMENTATION_COMMENTS = YES;
				CLANG_WARN_EMPTY_BODY = YES;
				CLANG_WARN_ENUM_CONVERSION = YES;
				CLANG_WARN_INFINITE_RECURSION = YES;
				CLANG_WARN_INT_CONVERSION = YES;
				CLANG_WARN_NON_LITERAL_NULL_CONVERSION = YES;
				CLANG_WARN_OBJC_IMPLICIT_RETAIN_SELF = YES;
				CLANG_WARN_OBJC_LITERAL_CONVERSION = YES;
				CLANG_WARN_OBJC_ROOT_CLASS = YES_ERROR;
				CLANG_WARN_QUOTED_INCLUDE_IN_FRAMEWORK_HEADER = YES;
				CLANG_WARN_RANGE_LOOP_ANALYSIS = YES;
				CLANG_WARN_STRICT_PROTOTYPES = YES;
				CLANG_WARN_SUSPICIOUS_MOVE = YES;
				CLANG_WARN_UNGUARDED_AVAILABILITY = YES_AGGRESSIVE;
				CLANG_WARN_UNREACHABLE_CODE = YES;
				CLANG_WARN__DUPLICATE_METHOD_MATCH = YES;
				COPY_PHASE_STRIP = NO;
				DEBUG_INFORMATION_FORMAT = "dwarf-with-dsym";
				ENABLE_NS_ASSERTIONS = NO;
				ENABLE_STRICT_OBJC_MSGSEND = YES;
				ENABLE_USER_SCRIPT_SANDBOXING = YES;
				GCC_C_LANGUAGE_STANDARD = gnu11;
				GCC_NO_COMMON_BLOCKS = YES;
				GCC_WARN_64_TO_32_BIT_CONVERSION = YES;
				GCC_WARN_ABOUT_RETURN_TYPE = YES_ERROR;
				GCC_WARN_UNDECLARED_SELECTOR = YES;
				GCC_WARN_UNINITIALIZED_AUTOS = YES_AGGRESSIVE;
				GCC_WARN_UNUSED_FUNCTION = YES;
				GCC_WARN_UNUSED_VARIABLE = YES;
				IPHONEOS_DEPLOYMENT_TARGET = 16.4;
				MTL_ENABLE_DEBUG_INFO = NO;
				MTL_FAST_MATH = YES;
				SDKROOT = iphoneos;
				SWIFT_COMPILATION_MODE = wholemodule;
				SWIFT_OPTIMIZATION_LEVEL = "-O";
				VALIDATE_PRODUCT = YES;
			};
			name = Release;
		};
		AB8136F12AA0EAD1005B26B0 /* Debug */ = {
			isa = XCBuildConfiguration;
			buildSettings = {
				ASSETCATALOG_COMPILER_APPICON_NAME = AppIcon;
				ASSETCATALOG_COMPILER_GLOBAL_ACCENT_COLOR_NAME = AccentColor;
				CODE_SIGN_STYLE = Automatic;
				CURRENT_PROJECT_VERSION = 1;
				DEVELOPMENT_TEAM = M389YZ88HF;
				GENERATE_INFOPLIST_FILE = YES;
				INFOPLIST_FILE = Weather/Info.plist;
				INFOPLIST_KEY_UIApplicationSupportsIndirectInputEvents = YES;
				INFOPLIST_KEY_UILaunchStoryboardName = "";
				INFOPLIST_KEY_UIMainStoryboardFile = "";
				INFOPLIST_KEY_UISupportedInterfaceOrientations_iPad = "UIInterfaceOrientationPortrait UIInterfaceOrientationPortraitUpsideDown UIInterfaceOrientationLandscapeLeft UIInterfaceOrientationLandscapeRight";
				INFOPLIST_KEY_UISupportedInterfaceOrientations_iPhone = "UIInterfaceOrientationPortrait UIInterfaceOrientationLandscapeLeft UIInterfaceOrientationLandscapeRight";
				IPHONEOS_DEPLOYMENT_TARGET = 17.0;
				LD_RUNPATH_SEARCH_PATHS = (
					"$(inherited)",
					"@executable_path/Frameworks",
				);
				MARKETING_VERSION = 1.0;
				PRODUCT_BUNDLE_IDENTIFIER = com.eastonventures.weather.Weather;
				PRODUCT_NAME = "$(TARGET_NAME)";
				SWIFT_EMIT_LOC_STRINGS = YES;
				SWIFT_VERSION = 5.0;
				TARGETED_DEVICE_FAMILY = "1,2";
			};
			name = Debug;
		};
		AB8136F22AA0EAD1005B26B0 /* Release */ = {
			isa = XCBuildConfiguration;
			buildSettings = {
				ASSETCATALOG_COMPILER_APPICON_NAME = AppIcon;
				ASSETCATALOG_COMPILER_GLOBAL_ACCENT_COLOR_NAME = AccentColor;
				CODE_SIGN_STYLE = Automatic;
				CURRENT_PROJECT_VERSION = 1;
				DEVELOPMENT_TEAM = M389YZ88HF;
				GENERATE_INFOPLIST_FILE = YES;
				INFOPLIST_FILE = Weather/Info.plist;
				INFOPLIST_KEY_UIApplicationSupportsIndirectInputEvents = YES;
				INFOPLIST_KEY_UILaunchStoryboardName = "";
				INFOPLIST_KEY_UIMainStoryboardFile = "";
				INFOPLIST_KEY_UISupportedInterfaceOrientations_iPad = "UIInterfaceOrientationPortrait UIInterfaceOrientationPortraitUpsideDown UIInterfaceOrientationLandscapeLeft UIInterfaceOrientationLandscapeRight";
				INFOPLIST_KEY_UISupportedInterfaceOrientations_iPhone = "UIInterfaceOrientationPortrait UIInterfaceOrientationLandscapeLeft UIInterfaceOrientationLandscapeRight";
				IPHONEOS_DEPLOYMENT_TARGET = 17.0;
				LD_RUNPATH_SEARCH_PATHS = (
					"$(inherited)",
					"@executable_path/Frameworks",
				);
				MARKETING_VERSION = 1.0;
				PRODUCT_BUNDLE_IDENTIFIER = com.eastonventures.weather.Weather;
				PRODUCT_NAME = "$(TARGET_NAME)";
				SWIFT_EMIT_LOC_STRINGS = YES;
				SWIFT_VERSION = 5.0;
				TARGETED_DEVICE_FAMILY = "1,2";
			};
			name = Release;
		};
		AB8136F42AA0EAD1005B26B0 /* Debug */ = {
			isa = XCBuildConfiguration;
			buildSettings = {
				ALWAYS_EMBED_SWIFT_STANDARD_LIBRARIES = YES;
				BUNDLE_LOADER = "$(TEST_HOST)";
				CODE_SIGN_STYLE = Automatic;
				CURRENT_PROJECT_VERSION = 1;
				DEVELOPMENT_TEAM = M389YZ88HF;
				GENERATE_INFOPLIST_FILE = YES;
				IPHONEOS_DEPLOYMENT_TARGET = 17.0;
				MARKETING_VERSION = 1.0;
				PRODUCT_BUNDLE_IDENTIFIER = com.eastonventures.weather.WeatherTests;
				PRODUCT_NAME = "$(TARGET_NAME)";
				SWIFT_EMIT_LOC_STRINGS = NO;
				SWIFT_VERSION = 5.0;
				TARGETED_DEVICE_FAMILY = "1,2";
				TEST_HOST = "$(BUILT_PRODUCTS_DIR)/Weather.app/$(BUNDLE_EXECUTABLE_FOLDER_PATH)/Weather";
			};
			name = Debug;
		};
		AB8136F52AA0EAD1005B26B0 /* Release */ = {
			isa = XCBuildConfiguration;
			buildSettings = {
				ALWAYS_EMBED_SWIFT_STANDARD_LIBRARIES = YES;
				BUNDLE_LOADER = "$(TEST_HOST)";
				CODE_SIGN_STYLE = Automatic;
				CURRENT_PROJECT_VERSION = 1;
				DEVELOPMENT_TEAM = M389YZ88HF;
				GENERATE_INFOPLIST_FILE = YES;
				IPHONEOS_DEPLOYMENT_TARGET = 17.0;
				MARKETING_VERSION = 1.0;
				PRODUCT_BUNDLE_IDENTIFIER = com.eastonventures.weather.WeatherTests;
				PRODUCT_NAME = "$(TARGET_NAME)";
				SWIFT_EMIT_LOC_STRINGS = NO;
				SWIFT_VERSION = 5.0;
				TARGETED_DEVICE_FAMILY = "1,2";
				TEST_HOST = "$(BUILT_PRODUCTS_DIR)/Weather.app/$(BUNDLE_EXECUTABLE_FOLDER_PATH)/Weather";
			};
			name = Release;
		};
		AB8136F72AA0EAD1005B26B0 /* Debug */ = {
			isa = XCBuildConfiguration;
			buildSettings = {
				ALWAYS_EMBED_SWIFT_STANDARD_LIBRARIES = YES;
				CODE_SIGN_STYLE = Automatic;
				CURRENT_PROJECT_VERSION = 1;
				DEVELOPMENT_TEAM = M389YZ88HF;
				GENERATE_INFOPLIST_FILE = YES;
				IPHONEOS_DEPLOYMENT_TARGET = 17.0;
				MARKETING_VERSION = 1.0;
				PRODUCT_BUNDLE_IDENTIFIER = com.eastonventures.weather.WeatherUITests;
				PRODUCT_NAME = "$(TARGET_NAME)";
				SWIFT_EMIT_LOC_STRINGS = NO;
				SWIFT_VERSION = 5.0;
				TARGETED_DEVICE_FAMILY = "1,2";
				TEST_TARGET_NAME = Weather;
			};
			name = Debug;
		};
		AB8136F82AA0EAD1005B26B0 /* Release */ = {
			isa = XCBuildConfiguration;
			buildSettings = {
				ALWAYS_EMBED_SWIFT_STANDARD_LIBRARIES = YES;
				CODE_SIGN_STYLE = Automatic;
				CURRENT_PROJECT_VERSION = 1;
				DEVELOPMENT_TEAM = M389YZ88HF;
				GENERATE_INFOPLIST_FILE = YES;
				IPHONEOS_DEPLOYMENT_TARGET = 17.0;
				MARKETING_VERSION = 1.0;
				PRODUCT_BUNDLE_IDENTIFIER = com.eastonventures.weather.WeatherUITests;
				PRODUCT_NAME = "$(TARGET_NAME)";
				SWIFT_EMIT_LOC_STRINGS = NO;
				SWIFT_VERSION = 5.0;
				TARGETED_DEVICE_FAMILY = "1,2";
				TEST_TARGET_NAME = Weather;
			};
			name = Release;
		};
/* End XCBuildConfiguration section */

/* Begin XCConfigurationList section */
		AB8136BE2AA0EACF005B26B0 /* Build configuration list for PBXProject "Weather" */ = {
			isa = XCConfigurationList;
			buildConfigurations = (
				AB8136EE2AA0EAD1005B26B0 /* Debug */,
				AB8136EF2AA0EAD1005B26B0 /* Release */,
			);
			defaultConfigurationIsVisible = 0;
			defaultConfigurationName = Release;
		};
		AB8136F02AA0EAD1005B26B0 /* Build configuration list for PBXNativeTarget "Weather" */ = {
			isa = XCConfigurationList;
			buildConfigurations = (
				AB8136F12AA0EAD1005B26B0 /* Debug */,
				AB8136F22AA0EAD1005B26B0 /* Release */,
			);
			defaultConfigurationIsVisible = 0;
			defaultConfigurationName = Release;
		};
		AB8136F32AA0EAD1005B26B0 /* Build configuration list for PBXNativeTarget "WeatherTests" */ = {
			isa = XCConfigurationList;
			buildConfigurations = (
				AB8136F42AA0EAD1005B26B0 /* Debug */,
				AB8136F52AA0EAD1005B26B0 /* Release */,
			);
			defaultConfigurationIsVisible = 0;
			defaultConfigurationName = Release;
		};
		AB8136F62AA0EAD1005B26B0 /* Build configuration list for PBXNativeTarget "WeatherUITests" */ = {
			isa = XCConfigurationList;
			buildConfigurations = (
				AB8136F72AA0EAD1005B26B0 /* Debug */,
				AB8136F82AA0EAD1005B26B0 /* Release */,
			);
			defaultConfigurationIsVisible = 0;
			defaultConfigurationName = Release;
		};
/* End XCConfigurationList section */

/* Begin XCRemoteSwiftPackageReference section */
		AB2787F52AFD28A700F6B2B3 /* XCRemoteSwiftPackageReference "WeatherNetworkingKit" */ = {
			isa = XCRemoteSwiftPackageReference;
			repositoryURL = "https://github.com/still-kicking-test/WeatherNetworkingKit";
			requirement = {
				kind = versionRange;
				maximumVersion = 2.0.0;
				minimumVersion = 1.0.0;
			};
		};
/* End XCRemoteSwiftPackageReference section */

/* Begin XCSwiftPackageProductDependency section */
		AB2787F62AFD28A700F6B2B3 /* WeatherNetworkingKit */ = {
			isa = XCSwiftPackageProductDependency;
			package = AB2787F52AFD28A700F6B2B3 /* XCRemoteSwiftPackageReference "WeatherNetworkingKit" */;
			productName = WeatherNetworkingKit;
		};
/* End XCSwiftPackageProductDependency section */

/* Begin XCVersionGroup section */
		AB8136CF2AA0EACF005B26B0 /* Weather.xcdatamodeld */ = {
			isa = XCVersionGroup;
			children = (
				AB8136D02AA0EACF005B26B0 /* Weather.xcdatamodel */,
			);
			currentVersion = AB8136D02AA0EACF005B26B0 /* Weather.xcdatamodel */;
			path = Weather.xcdatamodeld;
			sourceTree = "<group>";
			versionGroupType = wrapper.xcdatamodel;
		};
/* End XCVersionGroup section */
	};
	rootObject = AB8136BB2AA0EACF005B26B0 /* Project object */;
}
