{
  "pins" : [
    {
      "identity" : "weathernetworkingkit",
      "kind" : "remoteSourceControl",
      "location" : "https://github.com/still-kicking-test/WeatherNetworkingKit",
      "state" : {
        "revision" : "03224f14a16e5b0aad2867f12b030e29009e0f7d",
        "version" : "1.4.2"
      }
    }
  ],
  "version" : 2
}
