{
  "pins" : [
    {
      "identity" : "weathernetworkingkit",
      "kind" : "remoteSourceControl",
      "location" : "https://github.com/still-kicking-test/WeatherNetworkingKit",
      "state" : {
        "revision" : "c367a406646ed632a3d3047ef1fb41ff77e0ef00",
        "version" : "1.0.0"
      }
    }
  ],
  "version" : 2
}
