{
  "pins" : [
    {
      "identity" : "weathernetworkingkit",
      "kind" : "remoteSourceControl",
      "location" : "https://github.com/still-kicking-test/WeatherNetworkingKit",
      "state" : {
        "revision" : "9477dac98e7a268ab6e8db4f3e293cefd341222c",
        "version" : "1.4.0"
      }
    }
  ],
  "version" : 2
}
